
Microsoft Visual Studio Solution File, Format Version 12.00
Project("{FAE04EC0-301F-11D3-BF4B-00C04F79EFBC}") = "Edelstein.Tools.AlbumDownloader", "src\Edelstein.Tools.AlbumDownloader\Edelstein.Tools.AlbumDownloader.csproj", "{1D170D02-2030-442E-AD40-18BFF3D684C1}"
EndProject
Global
	GlobalSection(SolutionConfigurationPlatforms) = preSolution
		Debug|Any CPU = Debug|Any CPU
		Release|Any CPU = Release|Any CPU
	EndGlobalSection
	GlobalSection(ProjectConfigurationPlatforms) = postSolution
		{1D170D02-2030-442E-AD40-18BFF3D684C1}.Debug|Any CPU.ActiveCfg = Debug|Any CPU
		{1D170D02-2030-442E-AD40-18BFF3D684C1}.Debug|Any CPU.Build.0 = Debug|Any CPU
		{1D170D02-2030-442E-AD40-18BFF3D684C1}.Release|Any CPU.ActiveCfg = Release|Any CPU
		{1D170D02-2030-442E-AD40-18BFF3D684C1}.Release|Any CPU.Build.0 = Release|Any CPU
	EndGlobalSection
EndGlobal
